
Microsoft Visual Studio Solution File, Format Version 12.00
# Visual Studio Version 16
VisualStudioVersion = 16.0.34601.136
MinimumVisualStudioVersion = 10.0.40219.1
Project("{FAE04EC0-301F-11D3-BF4B-00C04F79EFBC}") = "lab5.1", "lab5.1\lab5.1.csproj", "{40687FD9-5065-4EDE-89BD-34D80E5DFE7D}"
EndProject
Global
	GlobalSection(SolutionConfigurationPlatforms) = preSolution
		Debug|Any CPU = Debug|Any CPU
		Release|Any CPU = Release|Any CPU
	EndGlobalSection
	GlobalSection(ProjectConfigurationPlatforms) = postSolution
		{40687FD9-5065-4EDE-89BD-34D80E5DFE7D}.Debug|Any CPU.ActiveCfg = Debug|Any CPU
		{40687FD9-5065-4EDE-89BD-34D80E5DFE7D}.Debug|Any CPU.Build.0 = Debug|Any CPU
		{40687FD9-5065-4EDE-89BD-34D80E5DFE7D}.Release|Any CPU.ActiveCfg = Release|Any CPU
		{40687FD9-5065-4EDE-89BD-34D80E5DFE7D}.Release|Any CPU.Build.0 = Release|Any CPU
	EndGlobalSection
	GlobalSection(SolutionProperties) = preSolution
		HideSolutionNode = FALSE
	EndGlobalSection
	GlobalSection(ExtensibilityGlobals) = postSolution
		SolutionGuid = {D9C67AB0-2A93-45F2-9AFE-DDFBD7A69556}
	EndGlobalSection
EndGlobal
